{
  "nodes": {
    "devshell": {
      "inputs": {
        "nixpkgs": [
          "nix",
          "nixpkgs"
        ]
      },
      "locked": {
        "lastModified": 1728330715,
        "narHash": "sha256-xRJ2nPOXb//u1jaBnDP56M7v5ldavjbtR6lfGqSvcKg=",
        "owner": "numtide",
        "repo": "devshell",
        "rev": "dd6b80932022cea34a019e2bb32f6fa9e494dfef",
        "type": "github"
      },
      "original": {
        "owner": "numtide",
        "repo": "devshell",
        "type": "github"
      }
    },
    "nix": {
      "inputs": {
        "devshell": "devshell",
        "nixpkgs": "nixpkgs"
      },
      "locked": {
        "lastModified": 1729027123,
        "narHash": "sha256-LjD40ya8efdhxQ26Zy/LkLDOriZIHJZqutAorvPIka8=",
        "ref": "refs/heads/main",
        "rev": "d3596fc7e933c171a284771f7f72342d33ad6508",
        "revCount": 5,
        "type": "git",
        "url": "ssh://git@git.c3c.cz/C3C/nix"
      },
      "original": {
        "type": "git",
        "url": "ssh://git@git.c3c.cz/C3C/nix"
      }
    },
    "nixpkgs": {
      "locked": {
        "lastModified": 1728538411,
        "narHash": "sha256-f0SBJz1eZ2yOuKUr5CA9BHULGXVSn6miBuUWdTyhUhU=",
        "owner": "nixos",
        "repo": "nixpkgs",
        "rev": "b69de56fac8c2b6f8fd27f2eca01dcda8e0a4221",
        "type": "github"
      },
      "original": {
        "owner": "nixos",
        "ref": "nixpkgs-unstable",
        "repo": "nixpkgs",
        "type": "github"
      }
    },
    "root": {
      "inputs": {
        "nix": "nix"
      }
    }
  },
  "root": "root",
  "version": 7
}
